
Microsoft Visual Studio Solution File, Format Version 12.00
# Visual Studio Version 16
VisualStudioVersion = 16.0.30717.126
MinimumVisualStudioVersion = 10.0.40219.1
Project("{FAE04EC0-301F-11D3-BF4B-00C04F79EFBC}") = "VGAGenGen", "VGAGenGen\VGAGenGen.csproj", "{0A44E9E3-6385-45A7-99E4-57F6BF1279B4}"
EndProject
Global
	GlobalSection(SolutionConfigurationPlatforms) = preSolution
		Debug|Any CPU = Debug|Any CPU
		Release|Any CPU = Release|Any CPU
	EndGlobalSection
	GlobalSection(ProjectConfigurationPlatforms) = postSolution
		{0A44E9E3-6385-45A7-99E4-57F6BF1279B4}.Debug|Any CPU.ActiveCfg = Debug|Any CPU
		{0A44E9E3-6385-45A7-99E4-57F6BF1279B4}.Debug|Any CPU.Build.0 = Debug|Any CPU
		{0A44E9E3-6385-45A7-99E4-57F6BF1279B4}.Release|Any CPU.ActiveCfg = Release|Any CPU
		{0A44E9E3-6385-45A7-99E4-57F6BF1279B4}.Release|Any CPU.Build.0 = Release|Any CPU
	EndGlobalSection
	GlobalSection(SolutionProperties) = preSolution
		HideSolutionNode = FALSE
	EndGlobalSection
	GlobalSection(ExtensibilityGlobals) = postSolution
		SolutionGuid = {2B62F173-B4FC-4EAA-A092-DDEEF17727B2}
	EndGlobalSection
EndGlobal
